
Microsoft Visual Studio Solution File, Format Version 12.00
# Visual Studio Version 17
VisualStudioVersion = 17.14.36623.8 d17.14
MinimumVisualStudioVersion = 10.0.40219.1
Project("{FAE04EC0-301F-11D3-BF4B-00C04F79EFBC}") = "TempleWeb", "TempleWeb.csproj", "{1223C57B-C768-4A72-9265-3BF76E61A799}"
EndProject
Project("{FAE04EC0-301F-11D3-BF4B-00C04F79EFBC}") = "AppModels", "..\AppModels\AppModels.csproj", "{FB362CB0-6FD8-4032-AB60-7E865AAE1847}"
EndProject
Project("{FAE04EC0-301F-11D3-BF4B-00C04F79EFBC}") = "AppServices", "..\AppServices\AppServices.csproj", "{EF552C6D-6163-4B2D-B2C5-CA13A4F9479D}"
EndProject
Global
	GlobalSection(SolutionConfigurationPlatforms) = preSolution
		Debug|Any CPU = Debug|Any CPU
		Release|Any CPU = Release|Any CPU
	EndGlobalSection
	GlobalSection(ProjectConfigurationPlatforms) = postSolution
		{1223C57B-C768-4A72-9265-3BF76E61A799}.Debug|Any CPU.ActiveCfg = Debug|Any CPU
		{1223C57B-C768-4A72-9265-3BF76E61A799}.Debug|Any CPU.Build.0 = Debug|Any CPU
		{1223C57B-C768-4A72-9265-3BF76E61A799}.Release|Any CPU.ActiveCfg = Release|Any CPU
		{1223C57B-C768-4A72-9265-3BF76E61A799}.Release|Any CPU.Build.0 = Release|Any CPU
		{FB362CB0-6FD8-4032-AB60-7E865AAE1847}.Debug|Any CPU.ActiveCfg = Debug|Any CPU
		{FB362CB0-6FD8-4032-AB60-7E865AAE1847}.Debug|Any CPU.Build.0 = Debug|Any CPU
		{FB362CB0-6FD8-4032-AB60-7E865AAE1847}.Release|Any CPU.ActiveCfg = Release|Any CPU
		{FB362CB0-6FD8-4032-AB60-7E865AAE1847}.Release|Any CPU.Build.0 = Release|Any CPU
		{EF552C6D-6163-4B2D-B2C5-CA13A4F9479D}.Debug|Any CPU.ActiveCfg = Debug|Any CPU
		{EF552C6D-6163-4B2D-B2C5-CA13A4F9479D}.Debug|Any CPU.Build.0 = Debug|Any CPU
		{EF552C6D-6163-4B2D-B2C5-CA13A4F9479D}.Release|Any CPU.ActiveCfg = Release|Any CPU
		{EF552C6D-6163-4B2D-B2C5-CA13A4F9479D}.Release|Any CPU.Build.0 = Release|Any CPU
	EndGlobalSection
	GlobalSection(SolutionProperties) = preSolution
		HideSolutionNode = FALSE
	EndGlobalSection
	GlobalSection(ExtensibilityGlobals) = postSolution
		SolutionGuid = {FC407D80-12DC-4E9C-8EB7-42427A71C9CF}
	EndGlobalSection
EndGlobal
